
Microsoft Visual Studio Solution File, Format Version 12.00
Project("{FAE04EC0-301F-11D3-BF4B-00C04F79EFBC}") = "ShopHardRazorPages", "ShopHardRazorPages\ShopHardRazorPages.csproj", "{22E80934-A32C-47BE-AE9B-DFE8289F6788}"
EndProject
Global
	GlobalSection(SolutionConfigurationPlatforms) = preSolution
		Debug|Any CPU = Debug|Any CPU
		Release|Any CPU = Release|Any CPU
	EndGlobalSection
	GlobalSection(ProjectConfigurationPlatforms) = postSolution
		{22E80934-A32C-47BE-AE9B-DFE8289F6788}.Debug|Any CPU.ActiveCfg = Debug|Any CPU
		{22E80934-A32C-47BE-AE9B-DFE8289F6788}.Debug|Any CPU.Build.0 = Debug|Any CPU
		{22E80934-A32C-47BE-AE9B-DFE8289F6788}.Release|Any CPU.ActiveCfg = Release|Any CPU
		{22E80934-A32C-47BE-AE9B-DFE8289F6788}.Release|Any CPU.Build.0 = Release|Any CPU
	EndGlobalSection
EndGlobal
